
Microsoft Visual Studio Solution File, Format Version 12.00
# Visual Studio Version 17
VisualStudioVersion = 17.7.34221.43
MinimumVisualStudioVersion = 10.0.40219.1
Project("{FAE04EC0-301F-11D3-BF4B-00C04F79EFBC}") = "ClientAPI", "ClientAPI.csproj", "{6B67BFB8-38B3-4BA5-914A-B5D54707AFE8}"
EndProject
Global
	GlobalSection(SolutionConfigurationPlatforms) = preSolution
		Debug|Any CPU = Debug|Any CPU
		Release|Any CPU = Release|Any CPU
	EndGlobalSection
	GlobalSection(ProjectConfigurationPlatforms) = postSolution
		{6B67BFB8-38B3-4BA5-914A-B5D54707AFE8}.Debug|Any CPU.ActiveCfg = Debug|Any CPU
		{6B67BFB8-38B3-4BA5-914A-B5D54707AFE8}.Debug|Any CPU.Build.0 = Debug|Any CPU
		{6B67BFB8-38B3-4BA5-914A-B5D54707AFE8}.Release|Any CPU.ActiveCfg = Release|Any CPU
		{6B67BFB8-38B3-4BA5-914A-B5D54707AFE8}.Release|Any CPU.Build.0 = Release|Any CPU
	EndGlobalSection
	GlobalSection(SolutionProperties) = preSolution
		HideSolutionNode = FALSE
	EndGlobalSection
	GlobalSection(ExtensibilityGlobals) = postSolution
		SolutionGuid = {308D13D2-2195-4ACA-B73C-D4E804BADEFC}
	EndGlobalSection
EndGlobal
